
Microsoft Visual Studio Solution File, Format Version 12.00
# Visual Studio Version 17
VisualStudioVersion = 17.5.001.0
MinimumVisualStudioVersion = 10.0.40219.1
Project("{9A19103F-16F7-4668-BE54-9A1E7A4F7556}") = "azure-ad-b2c", "azure-ad-b2c.csproj", "{400EF8FB-F708-4F61-866C-DE142366F1B8}"
EndProject
Global
	GlobalSection(SolutionConfigurationPlatforms) = preSolution
		Debug|Any CPU = Debug|Any CPU
		Release|Any CPU = Release|Any CPU
	EndGlobalSection
	GlobalSection(ProjectConfigurationPlatforms) = postSolution
		{400EF8FB-F708-4F61-866C-DE142366F1B8}.Debug|Any CPU.ActiveCfg = Debug|Any CPU
		{400EF8FB-F708-4F61-866C-DE142366F1B8}.Debug|Any CPU.Build.0 = Debug|Any CPU
		{400EF8FB-F708-4F61-866C-DE142366F1B8}.Release|Any CPU.ActiveCfg = Release|Any CPU
		{400EF8FB-F708-4F61-866C-DE142366F1B8}.Release|Any CPU.Build.0 = Release|Any CPU
	EndGlobalSection
	GlobalSection(SolutionProperties) = preSolution
		HideSolutionNode = FALSE
	EndGlobalSection
	GlobalSection(ExtensibilityGlobals) = postSolution
		SolutionGuid = {87B4ED74-F198-41BE-98FB-26EE45C167EC}
	EndGlobalSection
EndGlobal
